// !$*UTF8*$!
{
	archiveVersion = 1;
	classes = {
	};
	objectVersion = 55;
	objects = {

/* Begin PBXBuildFile section */
		25E41F3D75BAD1ED9EF174F6 /* Pods_Trip_ReportsTests.framework in Frameworks */ = {isa = PBXBuildFile; fileRef = 0F5A4C29AD1629E0DEEA377B /* Pods_Trip_ReportsTests.framework */; };
		43B53F2B2745C104000AE03C /* CircleImage.swift in Sources */ = {isa = PBXBuildFile; fileRef = 43B53F2A2745C104000AE03C /* CircleImage.swift */; };
		43B53F2D2745C2A1000AE03C /* MapView.swift in Sources */ = {isa = PBXBuildFile; fileRef = 43B53F2C2745C2A1000AE03C /* MapView.swift */; };
		43B53F2F2745C8C9000AE03C /* landmarkData.json in Resources */ = {isa = PBXBuildFile; fileRef = 43B53F2E2745C8C9000AE03C /* landmarkData.json */; };
		43B53F322745C8EA000AE03C /* Landmark.swift in Sources */ = {isa = PBXBuildFile; fileRef = 43B53F312745C8EA000AE03C /* Landmark.swift */; };
		43B53F342745CAAB000AE03C /* ModelData.swift in Sources */ = {isa = PBXBuildFile; fileRef = 43B53F332745CAAB000AE03C /* ModelData.swift */; };
		43B53F362745CC25000AE03C /* LandmarkRow.swift in Sources */ = {isa = PBXBuildFile; fileRef = 43B53F352745CC25000AE03C /* LandmarkRow.swift */; };
		43B53F382745CE6D000AE03C /* LandmarkList.swift in Sources */ = {isa = PBXBuildFile; fileRef = 43B53F372745CE6D000AE03C /* LandmarkList.swift */; };
		43B53F3A2745D0BB000AE03C /* LandmarkDetail.swift in Sources */ = {isa = PBXBuildFile; fileRef = 43B53F392745D0BB000AE03C /* LandmarkDetail.swift */; };
		43BAF9BF274370A8001AE308 /* Trip_ReportsApp.swift in Sources */ = {isa = PBXBuildFile; fileRef = 43BAF9BE274370A8001AE308 /* Trip_ReportsApp.swift */; };
		43BAF9C1274370A8001AE308 /* ContentView.swift in Sources */ = {isa = PBXBuildFile; fileRef = 43BAF9C0274370A8001AE308 /* ContentView.swift */; };
		43BAF9C3274370A9001AE308 /* Assets.xcassets in Resources */ = {isa = PBXBuildFile; fileRef = 43BAF9C2274370A9001AE308 /* Assets.xcassets */; };
		43BAF9C6274370A9001AE308 /* Preview Assets.xcassets in Resources */ = {isa = PBXBuildFile; fileRef = 43BAF9C5274370A9001AE308 /* Preview Assets.xcassets */; };
		43BAF9D0274370A9001AE308 /* Trip_ReportsTests.swift in Sources */ = {isa = PBXBuildFile; fileRef = 43BAF9CF274370A9001AE308 /* Trip_ReportsTests.swift */; };
		43BAF9DA274370A9001AE308 /* Trip_ReportsUITests.swift in Sources */ = {isa = PBXBuildFile; fileRef = 43BAF9D9274370A9001AE308 /* Trip_ReportsUITests.swift */; };
		43BAF9DC274370A9001AE308 /* Trip_ReportsUITestsLaunchTests.swift in Sources */ = {isa = PBXBuildFile; fileRef = 43BAF9DB274370A9001AE308 /* Trip_ReportsUITestsLaunchTests.swift */; };
		43BAF9E927437119001AE308 /* GoogleService-Info.plist in Resources */ = {isa = PBXBuildFile; fileRef = 43BAF9E827437119001AE308 /* GoogleService-Info.plist */; };
		43BAF9EA27437119001AE308 /* GoogleService-Info.plist in Resources */ = {isa = PBXBuildFile; fileRef = 43BAF9E827437119001AE308 /* GoogleService-Info.plist */; };
		43BAF9EB27437119001AE308 /* GoogleService-Info.plist in Resources */ = {isa = PBXBuildFile; fileRef = 43BAF9E827437119001AE308 /* GoogleService-Info.plist */; };
		606FB79044CE94ED752D6F9C /* Pods_Trip_Reports_Trip_ReportsUITests.framework in Frameworks */ = {isa = PBXBuildFile; fileRef = 4D92387C993D3CAB7842FC76 /* Pods_Trip_Reports_Trip_ReportsUITests.framework */; };
		F30CBC8835C5BAE01659E335 /* Pods_Trip_Reports.framework in Frameworks */ = {isa = PBXBuildFile; fileRef = 9AD16BA69663AE54CD3061A4 /* Pods_Trip_Reports.framework */; };
/* End PBXBuildFile section */

/* Begin PBXContainerItemProxy section */
		43BAF9CC274370A9001AE308 /* PBXContainerItemProxy */ = {
			isa = PBXContainerItemProxy;
			containerPortal = 43BAF9B3274370A8001AE308 /* Project object */;
			proxyType = 1;
			remoteGlobalIDString = 43BAF9BA274370A8001AE308;
			remoteInfo = "Trip Reports";
		};
		43BAF9D6274370A9001AE308 /* PBXContainerItemProxy */ = {
			isa = PBXContainerItemProxy;
			containerPortal = 43BAF9B3274370A8001AE308 /* Project object */;
			proxyType = 1;
			remoteGlobalIDString = 43BAF9BA274370A8001AE308;
			remoteInfo = "Trip Reports";
		};
/* End PBXContainerItemProxy section */

/* Begin PBXFileReference section */
		0F5A4C29AD1629E0DEEA377B /* Pods_Trip_ReportsTests.framework */ = {isa = PBXFileReference; explicitFileType = wrapper.framework; includeInIndex = 0; path = Pods_Trip_ReportsTests.framework; sourceTree = BUILT_PRODUCTS_DIR; };
		3317259DB1295D243C3058C7 /* Pods-Trip ReportsTests.debug.xcconfig */ = {isa = PBXFileReference; includeInIndex = 1; lastKnownFileType = text.xcconfig; name = "Pods-Trip ReportsTests.debug.xcconfig"; path = "Target Support Files/Pods-Trip ReportsTests/Pods-Trip ReportsTests.debug.xcconfig"; sourceTree = "<group>"; };
		34419A3EB4B96651C9E7495C /* Pods-Trip Reports.debug.xcconfig */ = {isa = PBXFileReference; includeInIndex = 1; lastKnownFileType = text.xcconfig; name = "Pods-Trip Reports.debug.xcconfig"; path = "Target Support Files/Pods-Trip Reports/Pods-Trip Reports.debug.xcconfig"; sourceTree = "<group>"; };
		3F00A08C8DB6A91542885E75 /* Pods-Trip ReportsTests.release.xcconfig */ = {isa = PBXFileReference; includeInIndex = 1; lastKnownFileType = text.xcconfig; name = "Pods-Trip ReportsTests.release.xcconfig"; path = "Target Support Files/Pods-Trip ReportsTests/Pods-Trip ReportsTests.release.xcconfig"; sourceTree = "<group>"; };
		43B53F2A2745C104000AE03C /* CircleImage.swift */ = {isa = PBXFileReference; lastKnownFileType = sourcecode.swift; path = CircleImage.swift; sourceTree = "<group>"; };
		43B53F2C2745C2A1000AE03C /* MapView.swift */ = {isa = PBXFileReference; lastKnownFileType = sourcecode.swift; path = MapView.swift; sourceTree = "<group>"; };
		43B53F2E2745C8C9000AE03C /* landmarkData.json */ = {isa = PBXFileReference; fileEncoding = 4; lastKnownFileType = text.json; path = landmarkData.json; sourceTree = "<group>"; };
		43B53F312745C8EA000AE03C /* Landmark.swift */ = {isa = PBXFileReference; lastKnownFileType = sourcecode.swift; path = Landmark.swift; sourceTree = "<group>"; };
		43B53F332745CAAB000AE03C /* ModelData.swift */ = {isa = PBXFileReference; lastKnownFileType = sourcecode.swift; path = ModelData.swift; sourceTree = "<group>"; };
		43B53F352745CC25000AE03C /* LandmarkRow.swift */ = {isa = PBXFileReference; lastKnownFileType = sourcecode.swift; path = LandmarkRow.swift; sourceTree = "<group>"; };
		43B53F372745CE6D000AE03C /* LandmarkList.swift */ = {isa = PBXFileReference; lastKnownFileType = sourcecode.swift; path = LandmarkList.swift; sourceTree = "<group>"; };
		43B53F392745D0BB000AE03C /* LandmarkDetail.swift */ = {isa = PBXFileReference; lastKnownFileType = sourcecode.swift; path = LandmarkDetail.swift; sourceTree = "<group>"; };
		43BAF9BB274370A8001AE308 /* Trip Reports.app */ = {isa = PBXFileReference; explicitFileType = wrapper.application; includeInIndex = 0; path = "Trip Reports.app"; sourceTree = BUILT_PRODUCTS_DIR; };
		43BAF9BE274370A8001AE308 /* Trip_ReportsApp.swift */ = {isa = PBXFileReference; lastKnownFileType = sourcecode.swift; path = Trip_ReportsApp.swift; sourceTree = "<group>"; };
		43BAF9C0274370A8001AE308 /* ContentView.swift */ = {isa = PBXFileReference; lastKnownFileType = sourcecode.swift; path = ContentView.swift; sourceTree = "<group>"; };
		43BAF9C2274370A9001AE308 /* Assets.xcassets */ = {isa = PBXFileReference; lastKnownFileType = folder.assetcatalog; path = Assets.xcassets; sourceTree = "<group>"; };
		43BAF9C5274370A9001AE308 /* Preview Assets.xcassets */ = {isa = PBXFileReference; lastKnownFileType = folder.assetcatalog; path = "Preview Assets.xcassets"; sourceTree = "<group>"; };
		43BAF9CB274370A9001AE308 /* Trip ReportsTests.xctest */ = {isa = PBXFileReference; explicitFileType = wrapper.cfbundle; includeInIndex = 0; path = "Trip ReportsTests.xctest"; sourceTree = BUILT_PRODUCTS_DIR; };
		43BAF9CF274370A9001AE308 /* Trip_ReportsTests.swift */ = {isa = PBXFileReference; lastKnownFileType = sourcecode.swift; path = Trip_ReportsTests.swift; sourceTree = "<group>"; };
		43BAF9D5274370A9001AE308 /* Trip ReportsUITests.xctest */ = {isa = PBXFileReference; explicitFileType = wrapper.cfbundle; includeInIndex = 0; path = "Trip ReportsUITests.xctest"; sourceTree = BUILT_PRODUCTS_DIR; };
		43BAF9D9274370A9001AE308 /* Trip_ReportsUITests.swift */ = {isa = PBXFileReference; lastKnownFileType = sourcecode.swift; path = Trip_ReportsUITests.swift; sourceTree = "<group>"; };
		43BAF9DB274370A9001AE308 /* Trip_ReportsUITestsLaunchTests.swift */ = {isa = PBXFileReference; lastKnownFileType = sourcecode.swift; path = Trip_ReportsUITestsLaunchTests.swift; sourceTree = "<group>"; };
		43BAF9E827437119001AE308 /* GoogleService-Info.plist */ = {isa = PBXFileReference; fileEncoding = 4; lastKnownFileType = text.plist.xml; path = "GoogleService-Info.plist"; sourceTree = "<group>"; };
		4D92387C993D3CAB7842FC76 /* Pods_Trip_Reports_Trip_ReportsUITests.framework */ = {isa = PBXFileReference; explicitFileType = wrapper.framework; includeInIndex = 0; path = Pods_Trip_Reports_Trip_ReportsUITests.framework; sourceTree = BUILT_PRODUCTS_DIR; };
		9AD16BA69663AE54CD3061A4 /* Pods_Trip_Reports.framework */ = {isa = PBXFileReference; explicitFileType = wrapper.framework; includeInIndex = 0; path = Pods_Trip_Reports.framework; sourceTree = BUILT_PRODUCTS_DIR; };
		C690C7C6D8481017A446D41D /* Pods-Trip Reports.release.xcconfig */ = {isa = PBXFileReference; includeInIndex = 1; lastKnownFileType = text.xcconfig; name = "Pods-Trip Reports.release.xcconfig"; path = "Target Support Files/Pods-Trip Reports/Pods-Trip Reports.release.xcconfig"; sourceTree = "<group>"; };
		D01F0460CB9E3610542E8E33 /* Pods-Trip Reports-Trip ReportsUITests.debug.xcconfig */ = {isa = PBXFileReference; includeInIndex = 1; lastKnownFileType = text.xcconfig; name = "Pods-Trip Reports-Trip ReportsUITests.debug.xcconfig"; path = "Target Support Files/Pods-Trip Reports-Trip ReportsUITests/Pods-Trip Reports-Trip ReportsUITests.debug.xcconfig"; sourceTree = "<group>"; };
		E007286469C7B15E099F95E3 /* Pods-Trip Reports-Trip ReportsUITests.release.xcconfig */ = {isa = PBXFileReference; includeInIndex = 1; lastKnownFileType = text.xcconfig; name = "Pods-Trip Reports-Trip ReportsUITests.release.xcconfig"; path = "Target Support Files/Pods-Trip Reports-Trip ReportsUITests/Pods-Trip Reports-Trip ReportsUITests.release.xcconfig"; sourceTree = "<group>"; };
/* End PBXFileReference section */

/* Begin PBXFrameworksBuildPhase section */
		43BAF9B8274370A8001AE308 /* Frameworks */ = {
			isa = PBXFrameworksBuildPhase;
			buildActionMask = 2147483647;
			files = (
				F30CBC8835C5BAE01659E335 /* Pods_Trip_Reports.framework in Frameworks */,
			);
			runOnlyForDeploymentPostprocessing = 0;
		};
		43BAF9C8274370A9001AE308 /* Frameworks */ = {
			isa = PBXFrameworksBuildPhase;
			buildActionMask = 2147483647;
			files = (
				25E41F3D75BAD1ED9EF174F6 /* Pods_Trip_ReportsTests.framework in Frameworks */,
			);
			runOnlyForDeploymentPostprocessing = 0;
		};
		43BAF9D2274370A9001AE308 /* Frameworks */ = {
			isa = PBXFrameworksBuildPhase;
			buildActionMask = 2147483647;
			files = (
				606FB79044CE94ED752D6F9C /* Pods_Trip_Reports_Trip_ReportsUITests.framework in Frameworks */,
			);
			runOnlyForDeploymentPostprocessing = 0;
		};
/* End PBXFrameworksBuildPhase section */

/* Begin PBXGroup section */
		43B53F262745C0A5000AE03C /* Resources */ = {
			isa = PBXGroup;
			children = (
				43B53F2E2745C8C9000AE03C /* landmarkData.json */,
			);
			path = Resources;
			sourceTree = "<group>";
		};
		43B53F292745C0DE000AE03C /* Views */ = {
			isa = PBXGroup;
			children = (
				43BAF9C0274370A8001AE308 /* ContentView.swift */,
				43B53F2A2745C104000AE03C /* CircleImage.swift */,
				43B53F2C2745C2A1000AE03C /* MapView.swift */,
				43B53F352745CC25000AE03C /* LandmarkRow.swift */,
				43B53F372745CE6D000AE03C /* LandmarkList.swift */,
				43B53F392745D0BB000AE03C /* LandmarkDetail.swift */,
			);
			path = Views;
			sourceTree = "<group>";
		};
		43B53F302745C8DD000AE03C /* Models */ = {
			isa = PBXGroup;
			children = (
				43B53F312745C8EA000AE03C /* Landmark.swift */,
				43B53F332745CAAB000AE03C /* ModelData.swift */,
			);
			path = Models;
			sourceTree = "<group>";
		};
		43BAF9B2274370A8001AE308 = {
			isa = PBXGroup;
			children = (
				43BAF9BD274370A8001AE308 /* Trip Reports */,
				43BAF9CE274370A9001AE308 /* Trip ReportsTests */,
				43BAF9D8274370A9001AE308 /* Trip ReportsUITests */,
				43BAF9BC274370A8001AE308 /* Products */,
				47B9A584E95AAD93007612F7 /* Pods */,
				89464386283D7568BCB1CDC4 /* Frameworks */,
			);
			sourceTree = "<group>";
		};
		43BAF9BC274370A8001AE308 /* Products */ = {
			isa = PBXGroup;
			children = (
				43BAF9BB274370A8001AE308 /* Trip Reports.app */,
				43BAF9CB274370A9001AE308 /* Trip ReportsTests.xctest */,
				43BAF9D5274370A9001AE308 /* Trip ReportsUITests.xctest */,
			);
			name = Products;
			sourceTree = "<group>";
		};
		43BAF9BD274370A8001AE308 /* Trip Reports */ = {
			isa = PBXGroup;
			children = (
				43B53F302745C8DD000AE03C /* Models */,
				43B53F292745C0DE000AE03C /* Views */,
				43B53F262745C0A5000AE03C /* Resources */,
				43BAF9BE274370A8001AE308 /* Trip_ReportsApp.swift */,
				43BAF9C2274370A9001AE308 /* Assets.xcassets */,
				43BAF9E827437119001AE308 /* GoogleService-Info.plist */,
				43BAF9C4274370A9001AE308 /* Preview Content */,
			);
			path = "Trip Reports";
			sourceTree = "<group>";
		};
		43BAF9C4274370A9001AE308 /* Preview Content */ = {
			isa = PBXGroup;
			children = (
				43BAF9C5274370A9001AE308 /* Preview Assets.xcassets */,
			);
			path = "Preview Content";
			sourceTree = "<group>";
		};
		43BAF9CE274370A9001AE308 /* Trip ReportsTests */ = {
			isa = PBXGroup;
			children = (
				43BAF9CF274370A9001AE308 /* Trip_ReportsTests.swift */,
			);
			path = "Trip ReportsTests";
			sourceTree = "<group>";
		};
		43BAF9D8274370A9001AE308 /* Trip ReportsUITests */ = {
			isa = PBXGroup;
			children = (
				43BAF9D9274370A9001AE308 /* Trip_ReportsUITests.swift */,
				43BAF9DB274370A9001AE308 /* Trip_ReportsUITestsLaunchTests.swift */,
			);
			path = "Trip ReportsUITests";
			sourceTree = "<group>";
		};
		47B9A584E95AAD93007612F7 /* Pods */ = {
			isa = PBXGroup;
			children = (
				34419A3EB4B96651C9E7495C /* Pods-Trip Reports.debug.xcconfig */,
				C690C7C6D8481017A446D41D /* Pods-Trip Reports.release.xcconfig */,
				D01F0460CB9E3610542E8E33 /* Pods-Trip Reports-Trip ReportsUITests.debug.xcconfig */,
				E007286469C7B15E099F95E3 /* Pods-Trip Reports-Trip ReportsUITests.release.xcconfig */,
				3317259DB1295D243C3058C7 /* Pods-Trip ReportsTests.debug.xcconfig */,
				3F00A08C8DB6A91542885E75 /* Pods-Trip ReportsTests.release.xcconfig */,
			);
			path = Pods;
			sourceTree = "<group>";
		};
		89464386283D7568BCB1CDC4 /* Frameworks */ = {
			isa = PBXGroup;
			children = (
				9AD16BA69663AE54CD3061A4 /* Pods_Trip_Reports.framework */,
				4D92387C993D3CAB7842FC76 /* Pods_Trip_Reports_Trip_ReportsUITests.framework */,
				0F5A4C29AD1629E0DEEA377B /* Pods_Trip_ReportsTests.framework */,
			);
			name = Frameworks;
			sourceTree = "<group>";
		};
/* End PBXGroup section */

/* Begin PBXNativeTarget section */
		43BAF9BA274370A8001AE308 /* Trip Reports */ = {
			isa = PBXNativeTarget;
			buildConfigurationList = 43BAF9DF274370A9001AE308 /* Build configuration list for PBXNativeTarget "Trip Reports" */;
			buildPhases = (
				79FFD0CED318CB5A66E42B7E /* [CP] Check Pods Manifest.lock */,
				43BAF9B7274370A8001AE308 /* Sources */,
				43BAF9B8274370A8001AE308 /* Frameworks */,
				43BAF9B9274370A8001AE308 /* Resources */,
				48B73091FC9DD74750D03BB6 /* [CP] Embed Pods Frameworks */,
			);
			buildRules = (
			);
			dependencies = (
			);
			name = "Trip Reports";
			productName = "Trip Reports";
			productReference = 43BAF9BB274370A8001AE308 /* Trip Reports.app */;
			productType = "com.apple.product-type.application";
		};
		43BAF9CA274370A9001AE308 /* Trip ReportsTests */ = {
			isa = PBXNativeTarget;
			buildConfigurationList = 43BAF9E2274370A9001AE308 /* Build configuration list for PBXNativeTarget "Trip ReportsTests" */;
			buildPhases = (
				B0A2BFC6E4D40C14DA781EF1 /* [CP] Check Pods Manifest.lock */,
				43BAF9C7274370A9001AE308 /* Sources */,
				43BAF9C8274370A9001AE308 /* Frameworks */,
				43BAF9C9274370A9001AE308 /* Resources */,
			);
			buildRules = (
			);
			dependencies = (
				43BAF9CD274370A9001AE308 /* PBXTargetDependency */,
			);
			name = "Trip ReportsTests";
			productName = "Trip ReportsTests";
			productReference = 43BAF9CB274370A9001AE308 /* Trip ReportsTests.xctest */;
			productType = "com.apple.product-type.bundle.unit-test";
		};
		43BAF9D4274370A9001AE308 /* Trip ReportsUITests */ = {
			isa = PBXNativeTarget;
			buildConfigurationList = 43BAF9E5274370A9001AE308 /* Build configuration list for PBXNativeTarget "Trip ReportsUITests" */;
			buildPhases = (
				660D23E8C7BEF3B18EF8B422 /* [CP] Check Pods Manifest.lock */,
				43BAF9D1274370A9001AE308 /* Sources */,
				43BAF9D2274370A9001AE308 /* Frameworks */,
				43BAF9D3274370A9001AE308 /* Resources */,
				524C8D7958CEB627495F60B4 /* [CP] Embed Pods Frameworks */,
			);
			buildRules = (
			);
			dependencies = (
				43BAF9D7274370A9001AE308 /* PBXTargetDependency */,
			);
			name = "Trip ReportsUITests";
			productName = "Trip ReportsUITests";
			productReference = 43BAF9D5274370A9001AE308 /* Trip ReportsUITests.xctest */;
			productType = "com.apple.product-type.bundle.ui-testing";
		};
/* End PBXNativeTarget section */

/* Begin PBXProject section */
		43BAF9B3274370A8001AE308 /* Project object */ = {
			isa = PBXProject;
			attributes = {
				BuildIndependentTargetsInParallel = 1;
				LastSwiftUpdateCheck = 1310;
				LastUpgradeCheck = 1310;
				TargetAttributes = {
					43BAF9BA274370A8001AE308 = {
						CreatedOnToolsVersion = 13.1;
					};
					43BAF9CA274370A9001AE308 = {
						CreatedOnToolsVersion = 13.1;
						TestTargetID = 43BAF9BA274370A8001AE308;
					};
					43BAF9D4274370A9001AE308 = {
						CreatedOnToolsVersion = 13.1;
						TestTargetID = 43BAF9BA274370A8001AE308;
					};
				};
			};
			buildConfigurationList = 43BAF9B6274370A8001AE308 /* Build configuration list for PBXProject "Trip Reports" */;
			compatibilityVersion = "Xcode 13.0";
			developmentRegion = en;
			hasScannedForEncodings = 0;
			knownRegions = (
				en,
				Base,
			);
			mainGroup = 43BAF9B2274370A8001AE308;
			productRefGroup = 43BAF9BC274370A8001AE308 /* Products */;
			projectDirPath = "";
			projectRoot = "";
			targets = (
				43BAF9BA274370A8001AE308 /* Trip Reports */,
				43BAF9CA274370A9001AE308 /* Trip ReportsTests */,
				43BAF9D4274370A9001AE308 /* Trip ReportsUITests */,
			);
		};
/* End PBXProject section */

/* Begin PBXResourcesBuildPhase section */
		43BAF9B9274370A8001AE308 /* Resources */ = {
			isa = PBXResourcesBuildPhase;
			buildActionMask = 2147483647;
			files = (
				43BAF9C6274370A9001AE308 /* Preview Assets.xcassets in Resources */,
				43BAF9C3274370A9001AE308 /* Assets.xcassets in Resources */,
				43B53F2F2745C8C9000AE03C /* landmarkData.json in Resources */,
				43BAF9E927437119001AE308 /* GoogleService-Info.plist in Resources */,
			);
			runOnlyForDeploymentPostprocessing = 0;
		};
		43BAF9C9274370A9001AE308 /* Resources */ = {
			isa = PBXResourcesBuildPhase;
			buildActionMask = 2147483647;
			files = (
				43BAF9EA27437119001AE308 /* GoogleService-Info.plist in Resources */,
			);
			runOnlyForDeploymentPostprocessing = 0;
		};
		43BAF9D3274370A9001AE308 /* Resources */ = {
			isa = PBXResourcesBuildPhase;
			buildActionMask = 2147483647;
			files = (
				43BAF9EB27437119001AE308 /* GoogleService-Info.plist in Resources */,
			);
			runOnlyForDeploymentPostprocessing = 0;
		};
/* End PBXResourcesBuildPhase section */

/* Begin PBXShellScriptBuildPhase section */
		48B73091FC9DD74750D03BB6 /* [CP] Embed Pods Frameworks */ = {
			isa = PBXShellScriptBuildPhase;
			buildActionMask = 2147483647;
			files = (
			);
			inputFileListPaths = (
				"${PODS_ROOT}/Target Support Files/Pods-Trip Reports/Pods-Trip Reports-frameworks-${CONFIGURATION}-input-files.xcfilelist",
			);
			name = "[CP] Embed Pods Frameworks";
			outputFileListPaths = (
				"${PODS_ROOT}/Target Support Files/Pods-Trip Reports/Pods-Trip Reports-frameworks-${CONFIGURATION}-output-files.xcfilelist",
			);
			runOnlyForDeploymentPostprocessing = 0;
			shellPath = /bin/sh;
			shellScript = "\"${PODS_ROOT}/Target Support Files/Pods-Trip Reports/Pods-Trip Reports-frameworks.sh\"\n";
			showEnvVarsInLog = 0;
		};
		524C8D7958CEB627495F60B4 /* [CP] Embed Pods Frameworks */ = {
			isa = PBXShellScriptBuildPhase;
			buildActionMask = 2147483647;
			files = (
			);
			inputFileListPaths = (
				"${PODS_ROOT}/Target Support Files/Pods-Trip Reports-Trip ReportsUITests/Pods-Trip Reports-Trip ReportsUITests-frameworks-${CONFIGURATION}-input-files.xcfilelist",
			);
			name = "[CP] Embed Pods Frameworks";
			outputFileListPaths = (
				"${PODS_ROOT}/Target Support Files/Pods-Trip Reports-Trip ReportsUITests/Pods-Trip Reports-Trip ReportsUITests-frameworks-${CONFIGURATION}-output-files.xcfilelist",
			);
			runOnlyForDeploymentPostprocessing = 0;
			shellPath = /bin/sh;
			shellScript = "\"${PODS_ROOT}/Target Support Files/Pods-Trip Reports-Trip ReportsUITests/Pods-Trip Reports-Trip ReportsUITests-frameworks.sh\"\n";
			showEnvVarsInLog = 0;
		};
		660D23E8C7BEF3B18EF8B422 /* [CP] Check Pods Manifest.lock */ = {
			isa = PBXShellScriptBuildPhase;
			buildActionMask = 2147483647;
			files = (
			);
			inputFileListPaths = (
			);
			inputPaths = (
				"${PODS_PODFILE_DIR_PATH}/Podfile.lock",
				"${PODS_ROOT}/Manifest.lock",
			);
			name = "[CP] Check Pods Manifest.lock";
			outputFileListPaths = (
			);
			outputPaths = (
				"$(DERIVED_FILE_DIR)/Pods-Trip Reports-Trip ReportsUITests-checkManifestLockResult.txt",
			);
			runOnlyForDeploymentPostprocessing = 0;
			shellPath = /bin/sh;
			shellScript = "diff \"${PODS_PODFILE_DIR_PATH}/Podfile.lock\" \"${PODS_ROOT}/Manifest.lock\" > /dev/null\nif [ $? != 0 ] ; then\n    # print error to STDERR\n    echo \"error: The sandbox is not in sync with the Podfile.lock. Run 'pod install' or update your CocoaPods installation.\" >&2\n    exit 1\nfi\n# This output is used by Xcode 'outputs' to avoid re-running this script phase.\necho \"SUCCESS\" > \"${SCRIPT_OUTPUT_FILE_0}\"\n";
			showEnvVarsInLog = 0;
		};
		79FFD0CED318CB5A66E42B7E /* [CP] Check Pods Manifest.lock */ = {
			isa = PBXShellScriptBuildPhase;
			buildActionMask = 2147483647;
			files = (
			);
			inputFileListPaths = (
			);
			inputPaths = (
				"${PODS_PODFILE_DIR_PATH}/Podfile.lock",
				"${PODS_ROOT}/Manifest.lock",
			);
			name = "[CP] Check Pods Manifest.lock";
			outputFileListPaths = (
			);
			outputPaths = (
				"$(DERIVED_FILE_DIR)/Pods-Trip Reports-checkManifestLockResult.txt",
			);
			runOnlyForDeploymentPostprocessing = 0;
			shellPath = /bin/sh;
			shellScript = "diff \"${PODS_PODFILE_DIR_PATH}/Podfile.lock\" \"${PODS_ROOT}/Manifest.lock\" > /dev/null\nif [ $? != 0 ] ; then\n    # print error to STDERR\n    echo \"error: The sandbox is not in sync with the Podfile.lock. Run 'pod install' or update your CocoaPods installation.\" >&2\n    exit 1\nfi\n# This output is used by Xcode 'outputs' to avoid re-running this script phase.\necho \"SUCCESS\" > \"${SCRIPT_OUTPUT_FILE_0}\"\n";
			showEnvVarsInLog = 0;
		};
		B0A2BFC6E4D40C14DA781EF1 /* [CP] Check Pods Manifest.lock */ = {
			isa = PBXShellScriptBuildPhase;
			buildActionMask = 2147483647;
			files = (
			);
			inputFileListPaths = (
			);
			inputPaths = (
				"${PODS_PODFILE_DIR_PATH}/Podfile.lock",
				"${PODS_ROOT}/Manifest.lock",
			);
			name = "[CP] Check Pods Manifest.lock";
			outputFileListPaths = (
			);
			outputPaths = (
				"$(DERIVED_FILE_DIR)/Pods-Trip ReportsTests-checkManifestLockResult.txt",
			);
			runOnlyForDeploymentPostprocessing = 0;
			shellPath = /bin/sh;
			shellScript = "diff \"${PODS_PODFILE_DIR_PATH}/Podfile.lock\" \"${PODS_ROOT}/Manifest.lock\" > /dev/null\nif [ $? != 0 ] ; then\n    # print error to STDERR\n    echo \"error: The sandbox is not in sync with the Podfile.lock. Run 'pod install' or update your CocoaPods installation.\" >&2\n    exit 1\nfi\n# This output is used by Xcode 'outputs' to avoid re-running this script phase.\necho \"SUCCESS\" > \"${SCRIPT_OUTPUT_FILE_0}\"\n";
			showEnvVarsInLog = 0;
		};
/* End PBXShellScriptBuildPhase section */

/* Begin PBXSourcesBuildPhase section */
		43BAF9B7274370A8001AE308 /* Sources */ = {
			isa = PBXSourcesBuildPhase;
			buildActionMask = 2147483647;
			files = (
				43BAF9C1274370A8001AE308 /* ContentView.swift in Sources */,
				43B53F2D2745C2A1000AE03C /* MapView.swift in Sources */,
				43BAF9BF274370A8001AE308 /* Trip_ReportsApp.swift in Sources */,
				43B53F382745CE6D000AE03C /* LandmarkList.swift in Sources */,
				43B53F3A2745D0BB000AE03C /* LandmarkDetail.swift in Sources */,
				43B53F2B2745C104000AE03C /* CircleImage.swift in Sources */,
				43B53F322745C8EA000AE03C /* Landmark.swift in Sources */,
				43B53F362745CC25000AE03C /* LandmarkRow.swift in Sources */,
				43B53F342745CAAB000AE03C /* ModelData.swift in Sources */,
			);
			runOnlyForDeploymentPostprocessing = 0;
		};
		43BAF9C7274370A9001AE308 /* Sources */ = {
			isa = PBXSourcesBuildPhase;
			buildActionMask = 2147483647;
			files = (
				43BAF9D0274370A9001AE308 /* Trip_ReportsTests.swift in Sources */,
			);
			runOnlyForDeploymentPostprocessing = 0;
		};
		43BAF9D1274370A9001AE308 /* Sources */ = {
			isa = PBXSourcesBuildPhase;
			buildActionMask = 2147483647;
			files = (
				43BAF9DA274370A9001AE308 /* Trip_ReportsUITests.swift in Sources */,
				43BAF9DC274370A9001AE308 /* Trip_ReportsUITestsLaunchTests.swift in Sources */,
			);
			runOnlyForDeploymentPostprocessing = 0;
		};
/* End PBXSourcesBuildPhase section */

/* Begin PBXTargetDependency section */
		43BAF9CD274370A9001AE308 /* PBXTargetDependency */ = {
			isa = PBXTargetDependency;
			target = 43BAF9BA274370A8001AE308 /* Trip Reports */;
			targetProxy = 43BAF9CC274370A9001AE308 /* PBXContainerItemProxy */;
		};
		43BAF9D7274370A9001AE308 /* PBXTargetDependency */ = {
			isa = PBXTargetDependency;
			target = 43BAF9BA274370A8001AE308 /* Trip Reports */;
			targetProxy = 43BAF9D6274370A9001AE308 /* PBXContainerItemProxy */;
		};
/* End PBXTargetDependency section */

/* Begin XCBuildConfiguration section */
		43BAF9DD274370A9001AE308 /* Debug */ = {
			isa = XCBuildConfiguration;
			buildSettings = {
				ALWAYS_SEARCH_USER_PATHS = NO;
				CLANG_ANALYZER_NONNULL = YES;
				CLANG_ANALYZER_NUMBER_OBJECT_CONVERSION = YES_AGGRESSIVE;
				CLANG_CXX_LANGUAGE_STANDARD = "gnu++17";
				CLANG_CXX_LIBRARY = "libc++";
				CLANG_ENABLE_MODULES = YES;
				CLANG_ENABLE_OBJC_ARC = YES;
				CLANG_ENABLE_OBJC_WEAK = YES;
				CLANG_WARN_BLOCK_CAPTURE_AUTORELEASING = YES;
				CLANG_WARN_BOOL_CONVERSION = YES;
				CLANG_WARN_COMMA = YES;
				CLANG_WARN_CONSTANT_CONVERSION = YES;
				CLANG_WARN_DEPRECATED_OBJC_IMPLEMENTATIONS = YES;
				CLANG_WARN_DIRECT_OBJC_ISA_USAGE = YES_ERROR;
				CLANG_WARN_DOCUMENTATION_COMMENTS = YES;
				CLANG_WARN_EMPTY_BODY = YES;
				CLANG_WARN_ENUM_CONVERSION = YES;
				CLANG_WARN_INFINITE_RECURSION = YES;
				CLANG_WARN_INT_CONVERSION = YES;
				CLANG_WARN_NON_LITERAL_NULL_CONVERSION = YES;
				CLANG_WARN_OBJC_IMPLICIT_RETAIN_SELF = YES;
				CLANG_WARN_OBJC_LITERAL_CONVERSION = YES;
				CLANG_WARN_OBJC_ROOT_CLASS = YES_ERROR;
				CLANG_WARN_QUOTED_INCLUDE_IN_FRAMEWORK_HEADER = YES;
				CLANG_WARN_RANGE_LOOP_ANALYSIS = YES;
				CLANG_WARN_STRICT_PROTOTYPES = YES;
				CLANG_WARN_SUSPICIOUS_MOVE = YES;
				CLANG_WARN_UNGUARDED_AVAILABILITY = YES_AGGRESSIVE;
				CLANG_WARN_UNREACHABLE_CODE = YES;
				CLANG_WARN__DUPLICATE_METHOD_MATCH = YES;
				COPY_PHASE_STRIP = NO;
				DEBUG_INFORMATION_FORMAT = dwarf;
				ENABLE_STRICT_OBJC_MSGSEND = YES;
				ENABLE_TESTABILITY = YES;
				GCC_C_LANGUAGE_STANDARD = gnu11;
				GCC_DYNAMIC_NO_PIC = NO;
				GCC_NO_COMMON_BLOCKS = YES;
				GCC_OPTIMIZATION_LEVEL = 0;
				GCC_PREPROCESSOR_DEFINITIONS = (
					"DEBUG=1",
					"$(inherited)",
				);
				GCC_WARN_64_TO_32_BIT_CONVERSION = YES;
				GCC_WARN_ABOUT_RETURN_TYPE = YES_ERROR;
				GCC_WARN_UNDECLARED_SELECTOR = YES;
				GCC_WARN_UNINITIALIZED_AUTOS = YES_AGGRESSIVE;
				GCC_WARN_UNUSED_FUNCTION = YES;
				GCC_WARN_UNUSED_VARIABLE = YES;
				IPHONEOS_DEPLOYMENT_TARGET = 15.0;
				MTL_ENABLE_DEBUG_INFO = INCLUDE_SOURCE;
				MTL_FAST_MATH = YES;
				ONLY_ACTIVE_ARCH = YES;
				SDKROOT = iphoneos;
				SWIFT_ACTIVE_COMPILATION_CONDITIONS = DEBUG;
				SWIFT_OPTIMIZATION_LEVEL = "-Onone";
			};
			name = Debug;
		};
		43BAF9DE274370A9001AE308 /* Release */ = {
			isa = XCBuildConfiguration;
			buildSettings = {
				ALWAYS_SEARCH_USER_PATHS = NO;
				CLANG_ANALYZER_NONNULL = YES;
				CLANG_ANALYZER_NUMBER_OBJECT_CONVERSION = YES_AGGRESSIVE;
				CLANG_CXX_LANGUAGE_STANDARD = "gnu++17";
				CLANG_CXX_LIBRARY = "libc++";
				CLANG_ENABLE_MODULES = YES;
				CLANG_ENABLE_OBJC_ARC = YES;
				CLANG_ENABLE_OBJC_WEAK = YES;
				CLANG_WARN_BLOCK_CAPTURE_AUTORELEASING = YES;
				CLANG_WARN_BOOL_CONVERSION = YES;
				CLANG_WARN_COMMA = YES;
				CLANG_WARN_CONSTANT_CONVERSION = YES;
				CLANG_WARN_DEPRECATED_OBJC_IMPLEMENTATIONS = YES;
				CLANG_WARN_DIRECT_OBJC_ISA_USAGE = YES_ERROR;
				CLANG_WARN_DOCUMENTATION_COMMENTS = YES;
				CLANG_WARN_EMPTY_BODY = YES;
				CLANG_WARN_ENUM_CONVERSION = YES;
				CLANG_WARN_INFINITE_RECURSION = YES;
				CLANG_WARN_INT_CONVERSION = YES;
				CLANG_WARN_NON_LITERAL_NULL_CONVERSION = YES;
				CLANG_WARN_OBJC_IMPLICIT_RETAIN_SELF = YES;
				CLANG_WARN_OBJC_LITERAL_CONVERSION = YES;
				CLANG_WARN_OBJC_ROOT_CLASS = YES_ERROR;
				CLANG_WARN_QUOTED_INCLUDE_IN_FRAMEWORK_HEADER = YES;
				CLANG_WARN_RANGE_LOOP_ANALYSIS = YES;
				CLANG_WARN_STRICT_PROTOTYPES = YES;
				CLANG_WARN_SUSPICIOUS_MOVE = YES;
				CLANG_WARN_UNGUARDED_AVAILABILITY = YES_AGGRESSIVE;
				CLANG_WARN_UNREACHABLE_CODE = YES;
				CLANG_WARN__DUPLICATE_METHOD_MATCH = YES;
				COPY_PHASE_STRIP = NO;
				DEBUG_INFORMATION_FORMAT = "dwarf-with-dsym";
				ENABLE_NS_ASSERTIONS = NO;
				ENABLE_STRICT_OBJC_MSGSEND = YES;
				GCC_C_LANGUAGE_STANDARD = gnu11;
				GCC_NO_COMMON_BLOCKS = YES;
				GCC_WARN_64_TO_32_BIT_CONVERSION = YES;
				GCC_WARN_ABOUT_RETURN_TYPE = YES_ERROR;
				GCC_WARN_UNDECLARED_SELECTOR = YES;
				GCC_WARN_UNINITIALIZED_AUTOS = YES_AGGRESSIVE;
				GCC_WARN_UNUSED_FUNCTION = YES;
				GCC_WARN_UNUSED_VARIABLE = YES;
				IPHONEOS_DEPLOYMENT_TARGET = 15.0;
				MTL_ENABLE_DEBUG_INFO = NO;
				MTL_FAST_MATH = YES;
				SDKROOT = iphoneos;
				SWIFT_COMPILATION_MODE = wholemodule;
				SWIFT_OPTIMIZATION_LEVEL = "-O";
				VALIDATE_PRODUCT = YES;
			};
			name = Release;
		};
		43BAF9E0274370A9001AE308 /* Debug */ = {
			isa = XCBuildConfiguration;
			baseConfigurationReference = 34419A3EB4B96651C9E7495C /* Pods-Trip Reports.debug.xcconfig */;
			buildSettings = {
				ASSETCATALOG_COMPILER_APPICON_NAME = AppIcon;
				ASSETCATALOG_COMPILER_GLOBAL_ACCENT_COLOR_NAME = AccentColor;
				CODE_SIGN_STYLE = Automatic;
				CURRENT_PROJECT_VERSION = 1;
				DEVELOPMENT_ASSET_PATHS = "\"Trip Reports/Preview Content\"";
				ENABLE_PREVIEWS = YES;
				GENERATE_INFOPLIST_FILE = YES;
				INFOPLIST_KEY_UIApplicationSceneManifest_Generation = YES;
				INFOPLIST_KEY_UIApplicationSupportsIndirectInputEvents = YES;
				INFOPLIST_KEY_UILaunchScreen_Generation = YES;
				INFOPLIST_KEY_UISupportedInterfaceOrientations_iPad = "UIInterfaceOrientationPortrait UIInterfaceOrientationPortraitUpsideDown UIInterfaceOrientationLandscapeLeft UIInterfaceOrientationLandscapeRight";
				INFOPLIST_KEY_UISupportedInterfaceOrientations_iPhone = "UIInterfaceOrientationPortrait UIInterfaceOrientationLandscapeLeft UIInterfaceOrientationLandscapeRight";
				LD_RUNPATH_SEARCH_PATHS = (
					"$(inherited)",
					"@executable_path/Frameworks",
				);
				MARKETING_VERSION = 1.0;
				PRODUCT_BUNDLE_IDENTIFIER = "com.pat.Trip-Reports";
				PRODUCT_NAME = "$(TARGET_NAME)";
				SWIFT_EMIT_LOC_STRINGS = YES;
				SWIFT_VERSION = 5.0;
				TARGETED_DEVICE_FAMILY = "1,2";
			};
			name = Debug;
		};
		43BAF9E1274370A9001AE308 /* Release */ = {
			isa = XCBuildConfiguration;
			baseConfigurationReference = C690C7C6D8481017A446D41D /* Pods-Trip Reports.release.xcconfig */;
			buildSettings = {
				ASSETCATALOG_COMPILER_APPICON_NAME = AppIcon;
				ASSETCATALOG_COMPILER_GLOBAL_ACCENT_COLOR_NAME = AccentColor;
				CODE_SIGN_STYLE = Automatic;
				CURRENT_PROJECT_VERSION = 1;
				DEVELOPMENT_ASSET_PATHS = "\"Trip Reports/Preview Content\"";
				ENABLE_PREVIEWS = YES;
				GENERATE_INFOPLIST_FILE = YES;
				INFOPLIST_KEY_UIApplicationSceneManifest_Generation = YES;
				INFOPLIST_KEY_UIApplicationSupportsIndirectInputEvents = YES;
				INFOPLIST_KEY_UILaunchScreen_Generation = YES;
				INFOPLIST_KEY_UISupportedInterfaceOrientations_iPad = "UIInterfaceOrientationPortrait UIInterfaceOrientationPortraitUpsideDown UIInterfaceOrientationLandscapeLeft UIInterfaceOrientationLandscapeRight";
				INFOPLIST_KEY_UISupportedInterfaceOrientations_iPhone = "UIInterfaceOrientationPortrait UIInterfaceOrientationLandscapeLeft UIInterfaceOrientationLandscapeRight";
				LD_RUNPATH_SEARCH_PATHS = (
					"$(inherited)",
					"@executable_path/Frameworks",
				);
				MARKETING_VERSION = 1.0;
				PRODUCT_BUNDLE_IDENTIFIER = "com.pat.Trip-Reports";
				PRODUCT_NAME = "$(TARGET_NAME)";
				SWIFT_EMIT_LOC_STRINGS = YES;
				SWIFT_VERSION = 5.0;
				TARGETED_DEVICE_FAMILY = "1,2";
			};
			name = Release;
		};
		43BAF9E3274370A9001AE308 /* Debug */ = {
			isa = XCBuildConfiguration;
			baseConfigurationReference = 3317259DB1295D243C3058C7 /* Pods-Trip ReportsTests.debug.xcconfig */;
			buildSettings = {
				ALWAYS_EMBED_SWIFT_STANDARD_LIBRARIES = YES;
				BUNDLE_LOADER = "$(TEST_HOST)";
				CODE_SIGN_STYLE = Automatic;
				CURRENT_PROJECT_VERSION = 1;
				GENERATE_INFOPLIST_FILE = YES;
				IPHONEOS_DEPLOYMENT_TARGET = 15.0;
				LD_RUNPATH_SEARCH_PATHS = (
					"$(inherited)",
					"@executable_path/Frameworks",
					"@loader_path/Frameworks",
				);
				MARKETING_VERSION = 1.0;
				PRODUCT_BUNDLE_IDENTIFIER = "com.pat.Trip-ReportsTests";
				PRODUCT_NAME = "$(TARGET_NAME)";
				SWIFT_EMIT_LOC_STRINGS = NO;
				SWIFT_VERSION = 5.0;
				TARGETED_DEVICE_FAMILY = "1,2";
				TEST_HOST = "$(BUILT_PRODUCTS_DIR)/Trip Reports.app/Trip Reports";
			};
			name = Debug;
		};
		43BAF9E4274370A9001AE308 /* Release */ = {
			isa = XCBuildConfiguration;
			baseConfigurationReference = 3F00A08C8DB6A91542885E75 /* Pods-Trip ReportsTests.release.xcconfig */;
			buildSettings = {
				ALWAYS_EMBED_SWIFT_STANDARD_LIBRARIES = YES;
				BUNDLE_LOADER = "$(TEST_HOST)";
				CODE_SIGN_STYLE = Automatic;
				CURRENT_PROJECT_VERSION = 1;
				GENERATE_INFOPLIST_FILE = YES;
				IPHONEOS_DEPLOYMENT_TARGET = 15.0;
				LD_RUNPATH_SEARCH_PATHS = (
					"$(inherited)",
					"@executable_path/Frameworks",
					"@loader_path/Frameworks",
				);
				MARKETING_VERSION = 1.0;
				PRODUCT_BUNDLE_IDENTIFIER = "com.pat.Trip-ReportsTests";
				PRODUCT_NAME = "$(TARGET_NAME)";
				SWIFT_EMIT_LOC_STRINGS = NO;
				SWIFT_VERSION = 5.0;
				TARGETED_DEVICE_FAMILY = "1,2";
				TEST_HOST = "$(BUILT_PRODUCTS_DIR)/Trip Reports.app/Trip Reports";
			};
			name = Release;
		};
		43BAF9E6274370A9001AE308 /* Debug */ = {
			isa = XCBuildConfiguration;
			baseConfigurationReference = D01F0460CB9E3610542E8E33 /* Pods-Trip Reports-Trip ReportsUITests.debug.xcconfig */;
			buildSettings = {
				ALWAYS_EMBED_SWIFT_STANDARD_LIBRARIES = YES;
				CODE_SIGN_STYLE = Automatic;
				CURRENT_PROJECT_VERSION = 1;
				GENERATE_INFOPLIST_FILE = YES;
				LD_RUNPATH_SEARCH_PATHS = (
					"$(inherited)",
					"@executable_path/Frameworks",
					"@loader_path/Frameworks",
				);
				MARKETING_VERSION = 1.0;
				PRODUCT_BUNDLE_IDENTIFIER = "com.pat.Trip-ReportsUITests";
				PRODUCT_NAME = "$(TARGET_NAME)";
				SWIFT_EMIT_LOC_STRINGS = NO;
				SWIFT_VERSION = 5.0;
				TARGETED_DEVICE_FAMILY = "1,2";
				TEST_TARGET_NAME = "Trip Reports";
			};
			name = Debug;
		};
		43BAF9E7274370A9001AE308 /* Release */ = {
			isa = XCBuildConfiguration;
			baseConfigurationReference = E007286469C7B15E099F95E3 /* Pods-Trip Reports-Trip ReportsUITests.release.xcconfig */;
			buildSettings = {
				ALWAYS_EMBED_SWIFT_STANDARD_LIBRARIES = YES;
				CODE_SIGN_STYLE = Automatic;
				CURRENT_PROJECT_VERSION = 1;
				GENERATE_INFOPLIST_FILE = YES;
				LD_RUNPATH_SEARCH_PATHS = (
					"$(inherited)",
					"@executable_path/Frameworks",
					"@loader_path/Frameworks",
				);
				MARKETING_VERSION = 1.0;
				PRODUCT_BUNDLE_IDENTIFIER = "com.pat.Trip-ReportsUITests";
				PRODUCT_NAME = "$(TARGET_NAME)";
				SWIFT_EMIT_LOC_STRINGS = NO;
				SWIFT_VERSION = 5.0;
				TARGETED_DEVICE_FAMILY = "1,2";
				TEST_TARGET_NAME = "Trip Reports";
			};
			name = Release;
		};
/* End XCBuildConfiguration section */

/* Begin XCConfigurationList section */
		43BAF9B6274370A8001AE308 /* Build configuration list for PBXProject "Trip Reports" */ = {
			isa = XCConfigurationList;
			buildConfigurations = (
				43BAF9DD274370A9001AE308 /* Debug */,
				43BAF9DE274370A9001AE308 /* Release */,
			);
			defaultConfigurationIsVisible = 0;
			defaultConfigurationName = Release;
		};
		43BAF9DF274370A9001AE308 /* Build configuration list for PBXNativeTarget "Trip Reports" */ = {
			isa = XCConfigurationList;
			buildConfigurations = (
				43BAF9E0274370A9001AE308 /* Debug */,
				43BAF9E1274370A9001AE308 /* Release */,
			);
			defaultConfigurationIsVisible = 0;
			defaultConfigurationName = Release;
		};
		43BAF9E2274370A9001AE308 /* Build configuration list for PBXNativeTarget "Trip ReportsTests" */ = {
			isa = XCConfigurationList;
			buildConfigurations = (
				43BAF9E3274370A9001AE308 /* Debug */,
				43BAF9E4274370A9001AE308 /* Release */,
			);
			defaultConfigurationIsVisible = 0;
			defaultConfigurationName = Release;
		};
		43BAF9E5274370A9001AE308 /* Build configuration list for PBXNativeTarget "Trip ReportsUITests" */ = {
			isa = XCConfigurationList;
			buildConfigurations = (
				43BAF9E6274370A9001AE308 /* Debug */,
				43BAF9E7274370A9001AE308 /* Release */,
			);
			defaultConfigurationIsVisible = 0;
			defaultConfigurationName = Release;
		};
/* End XCConfigurationList section */
	};
	rootObject = 43BAF9B3274370A8001AE308 /* Project object */;
}
